
Microsoft Visual Studio Solution File, Format Version 12.00
# Visual Studio Version 17
VisualStudioVersion = 17.9.34728.123
MinimumVisualStudioVersion = 10.0.40219.1
Project("{FAE04EC0-301F-11D3-BF4B-00C04F79EFBC}") = "StudentAttendanceMarks", "StudentAttendanceMarks.csproj", "{117E7EF3-4D64-477F-9C33-C0344170847A}"
EndProject
Global
	GlobalSection(SolutionConfigurationPlatforms) = preSolution
		Debug|Any CPU = Debug|Any CPU
		Release|Any CPU = Release|Any CPU
	EndGlobalSection
	GlobalSection(ProjectConfigurationPlatforms) = postSolution
		{117E7EF3-4D64-477F-9C33-C0344170847A}.Debug|Any CPU.ActiveCfg = Debug|Any CPU
		{117E7EF3-4D64-477F-9C33-C0344170847A}.Debug|Any CPU.Build.0 = Debug|Any CPU
		{117E7EF3-4D64-477F-9C33-C0344170847A}.Release|Any CPU.ActiveCfg = Release|Any CPU
		{117E7EF3-4D64-477F-9C33-C0344170847A}.Release|Any CPU.Build.0 = Release|Any CPU
	EndGlobalSection
	GlobalSection(SolutionProperties) = preSolution
		HideSolutionNode = FALSE
	EndGlobalSection
	GlobalSection(ExtensibilityGlobals) = postSolution
		SolutionGuid = {C087E8F6-8345-4F6F-B24F-B8F694A6679F}
	EndGlobalSection
EndGlobal
